
Microsoft Visual Studio Solution File, Format Version 12.00
# Visual Studio Version 17
VisualStudioVersion = 17.2.32630.192
MinimumVisualStudioVersion = 10.0.40219.1
Project("{2150E333-8FDC-42A3-9474-1A3956D46DE8}") = "ch1-Getting-Started", "ch1-Getting-Started", "{96D8ABAB-8465-4ED0-97C3-AEDB4A682F1C}"
EndProject
Project("{8BC9CEB8-8B4A-11D0-8D11-00A0C91BC942}") = "ch1-03-Hello-Window", "src\ch1-Getting-Started\ch1-03-Hello-Window\ch1-03-Hello-Window.vcxproj", "{D6BEEDE0-B119-4893-8EF1-C57456314420}"
EndProject
Project("{8BC9CEB8-8B4A-11D0-8D11-00A0C91BC942}") = "ch1-04-Hello-Triangle", "src\ch1-Getting-Started\ch1-04-Hello-Triangle\ch1-04-Hello-Triangle.vcxproj", "{AEB6C389-A688-443D-9333-AD10B54AC418}"
EndProject
Project("{8BC9CEB8-8B4A-11D0-8D11-00A0C91BC942}") = "ch1-05-Shaders", "src\ch1-Getting-Started\ch1-05-Shaders\ch1-05-Shaders.vcxproj", "{3C7571B8-D40F-4BED-864B-DA5F0BC8F0CD}"
EndProject
Project("{8BC9CEB8-8B4A-11D0-8D11-00A0C91BC942}") = "ch1-06-Textures", "src\ch1-Getting-Started\ch1-06-Textures\ch1-06-Textures.vcxproj", "{8AD0562F-F251-49F9-B0F2-CD9150492F6F}"
EndProject
Project("{8BC9CEB8-8B4A-11D0-8D11-00A0C91BC942}") = "ch1-07-Transformations", "src\ch1-Getting-Started\ch1-07-Transformations\ch1-07-Transformations.vcxproj", "{CA8F2E2D-B94F-4090-AADB-CCAF1584BE7A}"
EndProject
Project("{8BC9CEB8-8B4A-11D0-8D11-00A0C91BC942}") = "ch1-08-Coordinate-Systems", "src\ch1-Getting-Started\ch1-08-Coordinate-Systems\ch1-08-Coordinate-Systems.vcxproj", "{F269712E-21D7-461E-B109-42C3C64E8538}"
EndProject
Global
	GlobalSection(SolutionConfigurationPlatforms) = preSolution
		Debug|x64 = Debug|x64
		Debug|x86 = Debug|x86
		Release|x64 = Release|x64
		Release|x86 = Release|x86
	EndGlobalSection
	GlobalSection(ProjectConfigurationPlatforms) = postSolution
		{D6BEEDE0-B119-4893-8EF1-C57456314420}.Debug|x64.ActiveCfg = Debug|x64
		{D6BEEDE0-B119-4893-8EF1-C57456314420}.Debug|x64.Build.0 = Debug|x64
		{D6BEEDE0-B119-4893-8EF1-C57456314420}.Debug|x86.ActiveCfg = Debug|Win32
		{D6BEEDE0-B119-4893-8EF1-C57456314420}.Debug|x86.Build.0 = Debug|Win32
		{D6BEEDE0-B119-4893-8EF1-C57456314420}.Release|x64.ActiveCfg = Release|x64
		{D6BEEDE0-B119-4893-8EF1-C57456314420}.Release|x64.Build.0 = Release|x64
		{D6BEEDE0-B119-4893-8EF1-C57456314420}.Release|x86.ActiveCfg = Release|Win32
		{D6BEEDE0-B119-4893-8EF1-C57456314420}.Release|x86.Build.0 = Release|Win32
		{AEB6C389-A688-443D-9333-AD10B54AC418}.Debug|x64.ActiveCfg = Debug|x64
		{AEB6C389-A688-443D-9333-AD10B54AC418}.Debug|x64.Build.0 = Debug|x64
		{AEB6C389-A688-443D-9333-AD10B54AC418}.Debug|x86.ActiveCfg = Debug|Win32
		{AEB6C389-A688-443D-9333-AD10B54AC418}.Debug|x86.Build.0 = Debug|Win32
		{AEB6C389-A688-443D-9333-AD10B54AC418}.Release|x64.ActiveCfg = Release|x64
		{AEB6C389-A688-443D-9333-AD10B54AC418}.Release|x64.Build.0 = Release|x64
		{AEB6C389-A688-443D-9333-AD10B54AC418}.Release|x86.ActiveCfg = Release|Win32
		{AEB6C389-A688-443D-9333-AD10B54AC418}.Release|x86.Build.0 = Release|Win32
		{3C7571B8-D40F-4BED-864B-DA5F0BC8F0CD}.Debug|x64.ActiveCfg = Debug|x64
		{3C7571B8-D40F-4BED-864B-DA5F0BC8F0CD}.Debug|x64.Build.0 = Debug|x64
		{3C7571B8-D40F-4BED-864B-DA5F0BC8F0CD}.Debug|x86.ActiveCfg = Debug|Win32
		{3C7571B8-D40F-4BED-864B-DA5F0BC8F0CD}.Debug|x86.Build.0 = Debug|Win32
		{3C7571B8-D40F-4BED-864B-DA5F0BC8F0CD}.Release|x64.ActiveCfg = Release|x64
		{3C7571B8-D40F-4BED-864B-DA5F0BC8F0CD}.Release|x64.Build.0 = Release|x64
		{3C7571B8-D40F-4BED-864B-DA5F0BC8F0CD}.Release|x86.ActiveCfg = Release|Win32
		{3C7571B8-D40F-4BED-864B-DA5F0BC8F0CD}.Release|x86.Build.0 = Release|Win32
		{8AD0562F-F251-49F9-B0F2-CD9150492F6F}.Debug|x64.ActiveCfg = Debug|x64
		{8AD0562F-F251-49F9-B0F2-CD9150492F6F}.Debug|x64.Build.0 = Debug|x64
		{8AD0562F-F251-49F9-B0F2-CD9150492F6F}.Debug|x86.ActiveCfg = Debug|Win32
		{8AD0562F-F251-49F9-B0F2-CD9150492F6F}.Debug|x86.Build.0 = Debug|Win32
		{8AD0562F-F251-49F9-B0F2-CD9150492F6F}.Release|x64.ActiveCfg = Release|x64
		{8AD0562F-F251-49F9-B0F2-CD9150492F6F}.Release|x64.Build.0 = Release|x64
		{8AD0562F-F251-49F9-B0F2-CD9150492F6F}.Release|x86.ActiveCfg = Release|Win32
		{8AD0562F-F251-49F9-B0F2-CD9150492F6F}.Release|x86.Build.0 = Release|Win32
		{CA8F2E2D-B94F-4090-AADB-CCAF1584BE7A}.Debug|x64.ActiveCfg = Debug|x64
		{CA8F2E2D-B94F-4090-AADB-CCAF1584BE7A}.Debug|x64.Build.0 = Debug|x64
		{CA8F2E2D-B94F-4090-AADB-CCAF1584BE7A}.Debug|x86.ActiveCfg = Debug|Win32
		{CA8F2E2D-B94F-4090-AADB-CCAF1584BE7A}.Debug|x86.Build.0 = Debug|Win32
		{CA8F2E2D-B94F-4090-AADB-CCAF1584BE7A}.Release|x64.ActiveCfg = Release|x64
		{CA8F2E2D-B94F-4090-AADB-CCAF1584BE7A}.Release|x64.Build.0 = Release|x64
		{CA8F2E2D-B94F-4090-AADB-CCAF1584BE7A}.Release|x86.ActiveCfg = Release|Win32
		{CA8F2E2D-B94F-4090-AADB-CCAF1584BE7A}.Release|x86.Build.0 = Release|Win32
		{F269712E-21D7-461E-B109-42C3C64E8538}.Debug|x64.ActiveCfg = Debug|x64
		{F269712E-21D7-461E-B109-42C3C64E8538}.Debug|x64.Build.0 = Debug|x64
		{F269712E-21D7-461E-B109-42C3C64E8538}.Debug|x86.ActiveCfg = Debug|Win32
		{F269712E-21D7-461E-B109-42C3C64E8538}.Debug|x86.Build.0 = Debug|Win32
		{F269712E-21D7-461E-B109-42C3C64E8538}.Release|x64.ActiveCfg = Release|x64
		{F269712E-21D7-461E-B109-42C3C64E8538}.Release|x64.Build.0 = Release|x64
		{F269712E-21D7-461E-B109-42C3C64E8538}.Release|x86.ActiveCfg = Release|Win32
		{F269712E-21D7-461E-B109-42C3C64E8538}.Release|x86.Build.0 = Release|Win32
	EndGlobalSection
	GlobalSection(SolutionProperties) = preSolution
		HideSolutionNode = FALSE
	EndGlobalSection
	GlobalSection(NestedProjects) = preSolution
		{D6BEEDE0-B119-4893-8EF1-C57456314420} = {96D8ABAB-8465-4ED0-97C3-AEDB4A682F1C}
		{AEB6C389-A688-443D-9333-AD10B54AC418} = {96D8ABAB-8465-4ED0-97C3-AEDB4A682F1C}
		{3C7571B8-D40F-4BED-864B-DA5F0BC8F0CD} = {96D8ABAB-8465-4ED0-97C3-AEDB4A682F1C}
		{8AD0562F-F251-49F9-B0F2-CD9150492F6F} = {96D8ABAB-8465-4ED0-97C3-AEDB4A682F1C}
		{CA8F2E2D-B94F-4090-AADB-CCAF1584BE7A} = {96D8ABAB-8465-4ED0-97C3-AEDB4A682F1C}
		{F269712E-21D7-461E-B109-42C3C64E8538} = {96D8ABAB-8465-4ED0-97C3-AEDB4A682F1C}
	EndGlobalSection
	GlobalSection(ExtensibilityGlobals) = postSolution
		SolutionGuid = {A4F5A16C-1F0B-474D-BE6A-7BAFC241CEA9}
	EndGlobalSection
EndGlobal
