
Microsoft Visual Studio Solution File, Format Version 12.00
# Visual Studio Version 17
VisualStudioVersion = 17.2.32630.192
MinimumVisualStudioVersion = 10.0.40219.1
Project("{2150E333-8FDC-42A3-9474-1A3956D46DE8}") = "ch1-Getting-Started", "ch1-Getting-Started", "{96D8ABAB-8465-4ED0-97C3-AEDB4A682F1C}"
EndProject
Project("{8BC9CEB8-8B4A-11D0-8D11-00A0C91BC942}") = "ch1-03-Hello-Window", "src\ch1-Getting-Started\ch1-03-Hello-Window\ch1-03-Hello-Window.vcxproj", "{D6BEEDE0-B119-4893-8EF1-C57456314420}"
EndProject
Project("{8BC9CEB8-8B4A-11D0-8D11-00A0C91BC942}") = "ch1-04-Hello-Triangle", "src\ch1-Getting-Started\ch1-04-Hello-Triangle\ch1-04-Hello-Triangle.vcxproj", "{AEB6C389-A688-443D-9333-AD10B54AC418}"
EndProject
Project("{8BC9CEB8-8B4A-11D0-8D11-00A0C91BC942}") = "ch1-05-Shaders", "src\ch1-Getting-Started\ch1-05-Shaders\ch1-05-Shaders.vcxproj", "{3C7571B8-D40F-4BED-864B-DA5F0BC8F0CD}"
EndProject
Project("{8BC9CEB8-8B4A-11D0-8D11-00A0C91BC942}") = "ch1-06-Textures", "src\ch1-Getting-Started\ch1-06-Textures\ch1-06-Textures.vcxproj", "{8AD0562F-F251-49F9-B0F2-CD9150492F6F}"
EndProject
Project("{8BC9CEB8-8B4A-11D0-8D11-00A0C91BC942}") = "ch1-07-Transformations", "src\ch1-Getting-Started\ch1-07-Transformations\ch1-07-Transformations.vcxproj", "{CA8F2E2D-B94F-4090-AADB-CCAF1584BE7A}"
EndProject
Project("{8BC9CEB8-8B4A-11D0-8D11-00A0C91BC942}") = "ch1-08-Coordinate-Systems", "src\ch1-Getting-Started\ch1-08-Coordinate-Systems\ch1-08-Coordinate-Systems.vcxproj", "{F269712E-21D7-461E-B109-42C3C64E8538}"
EndProject
Project("{8BC9CEB8-8B4A-11D0-8D11-00A0C91BC942}") = "ch1-09-Camera", "src\ch1-Getting-Started\ch1-09-Camera\ch1-09-Camera.vcxproj", "{B9424879-8A75-4858-9394-AFA55C3F607E}"
EndProject
Project("{2150E333-8FDC-42A3-9474-1A3956D46DE8}") = "ch2-Lighting", "ch2-Lighting", "{A14B99B2-E1F8-4DF9-B31A-1F3D2D2EFC47}"
EndProject
Project("{8BC9CEB8-8B4A-11D0-8D11-00A0C91BC942}") = "ch2-01-Colors", "src\ch2-Lighting\ch2-01-Colors\ch2-01-Colors.vcxproj", "{887E81E1-D8CA-46E9-B461-E6105F5A3F37}"
EndProject
Project("{8BC9CEB8-8B4A-11D0-8D11-00A0C91BC942}") = "ch2-02-Basic-Lighting", "src\ch2-Lighting\ch2-02-Basic-Lighting\ch2-02-Basic-Lighting.vcxproj", "{B2E6D006-3361-42CC-86F2-E4DEC732882E}"
EndProject
Project("{8BC9CEB8-8B4A-11D0-8D11-00A0C91BC942}") = "ch2-03-Materials", "src\ch2-Lighting\ch2-03-Materials\ch2-03-Materials.vcxproj", "{CBD7BF71-061A-403C-A1D7-EDC576282840}"
EndProject
Project("{8BC9CEB8-8B4A-11D0-8D11-00A0C91BC942}") = "ch2-04-Lighting-Maps", "src\ch2-Lighting\ch2-04-Lighting-Maps\ch2-04-Lighting-Maps.vcxproj", "{F0454E7E-C89B-47CD-A542-0503B388B287}"
EndProject
Project("{8BC9CEB8-8B4A-11D0-8D11-00A0C91BC942}") = "ch2-05-Light-Casters", "src\ch2-Lighting\ch2-05-Light-Casters\ch2-05-Light-Casters.vcxproj", "{0FB40205-2CD7-4C5A-8405-C7ADC17B8CE7}"
EndProject
Project("{8BC9CEB8-8B4A-11D0-8D11-00A0C91BC942}") = "ch2-06-Multiple-Lights", "src\ch2-Lighting\ch2-06-Multiple-Lights\ch2-06-Multiple-Lights.vcxproj", "{7BC4BCA0-7599-4DB7-8138-09D71548FF16}"
EndProject
Project("{2150E333-8FDC-42A3-9474-1A3956D46DE8}") = "ch3-Model-Loading", "ch3-Model-Loading", "{FBF1E88B-631E-46C2-822D-0288BD8971BE}"
EndProject
Project("{8BC9CEB8-8B4A-11D0-8D11-00A0C91BC942}") = "ch3-01-Assimp", "src\ch3-Model-Loading\ch3-01-Assimp\ch3-01-Assimp.vcxproj", "{762AB458-BB8C-4A51-9D88-498DF1E94276}"
EndProject
Project("{8BC9CEB8-8B4A-11D0-8D11-00A0C91BC942}") = "ch3-02-Mesh", "src\ch3-Model-Loading\ch3-02-Mesh\ch3-02-Mesh.vcxproj", "{64867F17-2323-48CB-A655-75E41B9ECC83}"
EndProject
Project("{8BC9CEB8-8B4A-11D0-8D11-00A0C91BC942}") = "ch3-03-Model", "src\ch3-Model-Loading\ch3-03-Model\ch3-03-Model.vcxproj", "{2B04458E-AEA7-4CBE-8476-A18D5B21FE50}"
EndProject
Project("{2150E333-8FDC-42A3-9474-1A3956D46DE8}") = "ch4-Advanced-OpenGL", "ch4-Advanced-OpenGL", "{3EEABEC3-EC4E-4E9F-A4CE-754B39D0299C}"
EndProject
Project("{8BC9CEB8-8B4A-11D0-8D11-00A0C91BC942}") = "ch4-01-Depth-Testing", "src\ch4-Advanced-OpenGL\ch4-01-Depth-Testing\ch4-01-Depth-Testing.vcxproj", "{490B155A-6F18-43C0-A70E-429D4FA1A7F3}"
EndProject
Project("{8BC9CEB8-8B4A-11D0-8D11-00A0C91BC942}") = "ch4-02-Stencil-Testing", "src\ch4-Advanced-OpenGL\ch4-02-Stencil-Testing\ch4-02-Stencil-Testing.vcxproj", "{7B1113F8-C2F7-4D45-B403-9CC9EDCFA7DE}"
EndProject
Project("{8BC9CEB8-8B4A-11D0-8D11-00A0C91BC942}") = "ch4-03-Blending", "src\ch4-Advanced-OpenGL\ch4-03-Blending\ch4-03-Blending.vcxproj", "{9C88D9ED-2219-4C5D-A140-B22E0BE18250}"
EndProject
Project("{8BC9CEB8-8B4A-11D0-8D11-00A0C91BC942}") = "ch4-04-Face-Culling", "src\ch4-Advanced-OpenGL\ch4-04-Face-Culling\ch4-04-Face-Culling.vcxproj", "{D89F3040-0AA3-4B9F-826C-BF8EB6FC92D9}"
EndProject
Project("{8BC9CEB8-8B4A-11D0-8D11-00A0C91BC942}") = "ch4-05-Framebuffers", "src\ch4-Advanced-OpenGL\ch4-05-Framebuffers\ch4-05-Framebuffers.vcxproj", "{C4541D45-60B1-4580-A6C9-3F8E1893A72E}"
EndProject
Project("{8BC9CEB8-8B4A-11D0-8D11-00A0C91BC942}") = "ch4-06-Cubemaps", "src\ch4-Advanced-OpenGL\ch4-06-Cubemaps\ch4-06-Cubemaps.vcxproj", "{3AC48840-F580-424E-A994-1B8620635B75}"
EndProject
Project("{8BC9CEB8-8B4A-11D0-8D11-00A0C91BC942}") = "ch4-07-Advanced-Data", "src\ch4-Advanced-OpenGL\ch4-07-Advanced-Data\ch4-07-Advanced-Data.vcxproj", "{686C2A02-1E6C-4947-A7F7-4F0082DCC77A}"
EndProject
Project("{8BC9CEB8-8B4A-11D0-8D11-00A0C91BC942}") = "ch4-08-Advanced-GLSL", "src\ch4-Advanced-OpenGL\ch4-08-Advanced-GLSL\ch4-08-Advanced-GLSL.vcxproj", "{BDEFA0DA-7694-4A43-A24D-0CE33262BE34}"
EndProject
Project("{8BC9CEB8-8B4A-11D0-8D11-00A0C91BC942}") = "ch4-09-Geometry-Shader", "src\ch4-Advanced-OpenGL\ch4-09-Geometry-Shader\ch4-09-Geometry-Shader.vcxproj", "{3CAC70BD-2287-400E-89D7-24B526D84C27}"
EndProject
Project("{8BC9CEB8-8B4A-11D0-8D11-00A0C91BC942}") = "ch4-10-Instancing", "src\ch4-Advanced-OpenGL\ch4-10-Instancing\ch4-10-Instancing.vcxproj", "{FB7B90A6-D94D-4940-9D85-A84AC8BDA956}"
EndProject
Project("{8BC9CEB8-8B4A-11D0-8D11-00A0C91BC942}") = "ch4-11-Anti-Aliasing", "src\ch4-Advanced-OpenGL\ch4-11-Anti-Aliasing\ch4-11-Anti-Aliasing.vcxproj", "{4688782E-042F-4F23-A31A-62DF729CD241}"
EndProject
Project("{2150E333-8FDC-42A3-9474-1A3956D46DE8}") = "ch5-Advanced-Lighting", "ch5-Advanced-Lighting", "{E2D7F090-17CD-45B5-97ED-D67B14445D65}"
EndProject
Project("{8BC9CEB8-8B4A-11D0-8D11-00A0C91BC942}") = "ch5-01-Advanced-Lighting", "src\ch5-Advanced-Lighting\ch5-01-Advanced-Lighting\ch5-01-Advanced-Lighting.vcxproj", "{FB6AF043-59E1-4D99-9D63-34009557F1FC}"
EndProject
Project("{8BC9CEB8-8B4A-11D0-8D11-00A0C91BC942}") = "ch5-02-Gamma-Correction", "src\ch5-Advanced-Lighting\ch5-02-Gamma-Correction\ch5-02-Gamma-Correction.vcxproj", "{8D1AE62B-19C3-43A5-81AB-465F76B48681}"
EndProject
Project("{2150E333-8FDC-42A3-9474-1A3956D46DE8}") = "ch5-03-Shadows", "ch5-03-Shadows", "{E9694471-79D1-4D8C-A022-373E3A72DFC5}"
EndProject
Project("{8BC9CEB8-8B4A-11D0-8D11-00A0C91BC942}") = "ch5-03-01-Shadow-Mapping", "src\ch5-Advanced-Lighting\ch5-03-Shadows\ch5-03-01-Shadow-Mapping\ch5-03-01-Shadow-Mapping.vcxproj", "{8626FE05-A300-40B8-B42E-A40D5FA3C813}"
EndProject
Project("{8BC9CEB8-8B4A-11D0-8D11-00A0C91BC942}") = "ch5-03-02-Point-Shadows", "src\ch5-Advanced-Lighting\ch5-03-Shadows\ch5-03-02-Point-Shadows\ch5-03-02-Point-Shadows.vcxproj", "{9BF8ADC8-ABE3-485D-BEA4-AD3C4757AFA8}"
EndProject
Project("{8BC9CEB8-8B4A-11D0-8D11-00A0C91BC942}") = "ch5-04-Normal-Mapping", "src\ch5-Advanced-Lighting\ch5-04-Normal-Mapping\ch5-04-Normal-Mapping.vcxproj", "{2DA7E3FA-73DE-4340-9B18-C93112F5C4E4}"
EndProject
Project("{8BC9CEB8-8B4A-11D0-8D11-00A0C91BC942}") = "ch5-05-Parallax-Mapping", "src\ch5-Advanced-Lighting\ch5-05-Parallax-Mapping\ch5-05-Parallax-Mapping.vcxproj", "{9D68BBF9-F655-4BA9-83F6-BDAA95D98957}"
EndProject
Project("{8BC9CEB8-8B4A-11D0-8D11-00A0C91BC942}") = "ch5-06-HDR", "src\ch5-Advanced-Lighting\ch5-06-HDR\ch5-06-HDR.vcxproj", "{A3868CD9-8EEB-47A9-AC65-B17A1832C218}"
EndProject
Global
	GlobalSection(SolutionConfigurationPlatforms) = preSolution
		Debug|x64 = Debug|x64
		Debug|x86 = Debug|x86
		Release|x64 = Release|x64
		Release|x86 = Release|x86
	EndGlobalSection
	GlobalSection(ProjectConfigurationPlatforms) = postSolution
		{D6BEEDE0-B119-4893-8EF1-C57456314420}.Debug|x64.ActiveCfg = Debug|x64
		{D6BEEDE0-B119-4893-8EF1-C57456314420}.Debug|x64.Build.0 = Debug|x64
		{D6BEEDE0-B119-4893-8EF1-C57456314420}.Debug|x86.ActiveCfg = Debug|Win32
		{D6BEEDE0-B119-4893-8EF1-C57456314420}.Debug|x86.Build.0 = Debug|Win32
		{D6BEEDE0-B119-4893-8EF1-C57456314420}.Release|x64.ActiveCfg = Release|x64
		{D6BEEDE0-B119-4893-8EF1-C57456314420}.Release|x64.Build.0 = Release|x64
		{D6BEEDE0-B119-4893-8EF1-C57456314420}.Release|x86.ActiveCfg = Release|Win32
		{D6BEEDE0-B119-4893-8EF1-C57456314420}.Release|x86.Build.0 = Release|Win32
		{AEB6C389-A688-443D-9333-AD10B54AC418}.Debug|x64.ActiveCfg = Debug|x64
		{AEB6C389-A688-443D-9333-AD10B54AC418}.Debug|x64.Build.0 = Debug|x64
		{AEB6C389-A688-443D-9333-AD10B54AC418}.Debug|x86.ActiveCfg = Debug|Win32
		{AEB6C389-A688-443D-9333-AD10B54AC418}.Debug|x86.Build.0 = Debug|Win32
		{AEB6C389-A688-443D-9333-AD10B54AC418}.Release|x64.ActiveCfg = Release|x64
		{AEB6C389-A688-443D-9333-AD10B54AC418}.Release|x64.Build.0 = Release|x64
		{AEB6C389-A688-443D-9333-AD10B54AC418}.Release|x86.ActiveCfg = Release|Win32
		{AEB6C389-A688-443D-9333-AD10B54AC418}.Release|x86.Build.0 = Release|Win32
		{3C7571B8-D40F-4BED-864B-DA5F0BC8F0CD}.Debug|x64.ActiveCfg = Debug|x64
		{3C7571B8-D40F-4BED-864B-DA5F0BC8F0CD}.Debug|x64.Build.0 = Debug|x64
		{3C7571B8-D40F-4BED-864B-DA5F0BC8F0CD}.Debug|x86.ActiveCfg = Debug|Win32
		{3C7571B8-D40F-4BED-864B-DA5F0BC8F0CD}.Debug|x86.Build.0 = Debug|Win32
		{3C7571B8-D40F-4BED-864B-DA5F0BC8F0CD}.Release|x64.ActiveCfg = Release|x64
		{3C7571B8-D40F-4BED-864B-DA5F0BC8F0CD}.Release|x64.Build.0 = Release|x64
		{3C7571B8-D40F-4BED-864B-DA5F0BC8F0CD}.Release|x86.ActiveCfg = Release|Win32
		{3C7571B8-D40F-4BED-864B-DA5F0BC8F0CD}.Release|x86.Build.0 = Release|Win32
		{8AD0562F-F251-49F9-B0F2-CD9150492F6F}.Debug|x64.ActiveCfg = Debug|x64
		{8AD0562F-F251-49F9-B0F2-CD9150492F6F}.Debug|x64.Build.0 = Debug|x64
		{8AD0562F-F251-49F9-B0F2-CD9150492F6F}.Debug|x86.ActiveCfg = Debug|Win32
		{8AD0562F-F251-49F9-B0F2-CD9150492F6F}.Debug|x86.Build.0 = Debug|Win32
		{8AD0562F-F251-49F9-B0F2-CD9150492F6F}.Release|x64.ActiveCfg = Release|x64
		{8AD0562F-F251-49F9-B0F2-CD9150492F6F}.Release|x64.Build.0 = Release|x64
		{8AD0562F-F251-49F9-B0F2-CD9150492F6F}.Release|x86.ActiveCfg = Release|Win32
		{8AD0562F-F251-49F9-B0F2-CD9150492F6F}.Release|x86.Build.0 = Release|Win32
		{CA8F2E2D-B94F-4090-AADB-CCAF1584BE7A}.Debug|x64.ActiveCfg = Debug|x64
		{CA8F2E2D-B94F-4090-AADB-CCAF1584BE7A}.Debug|x64.Build.0 = Debug|x64
		{CA8F2E2D-B94F-4090-AADB-CCAF1584BE7A}.Debug|x86.ActiveCfg = Debug|Win32
		{CA8F2E2D-B94F-4090-AADB-CCAF1584BE7A}.Debug|x86.Build.0 = Debug|Win32
		{CA8F2E2D-B94F-4090-AADB-CCAF1584BE7A}.Release|x64.ActiveCfg = Release|x64
		{CA8F2E2D-B94F-4090-AADB-CCAF1584BE7A}.Release|x64.Build.0 = Release|x64
		{CA8F2E2D-B94F-4090-AADB-CCAF1584BE7A}.Release|x86.ActiveCfg = Release|Win32
		{CA8F2E2D-B94F-4090-AADB-CCAF1584BE7A}.Release|x86.Build.0 = Release|Win32
		{F269712E-21D7-461E-B109-42C3C64E8538}.Debug|x64.ActiveCfg = Debug|x64
		{F269712E-21D7-461E-B109-42C3C64E8538}.Debug|x64.Build.0 = Debug|x64
		{F269712E-21D7-461E-B109-42C3C64E8538}.Debug|x86.ActiveCfg = Debug|Win32
		{F269712E-21D7-461E-B109-42C3C64E8538}.Debug|x86.Build.0 = Debug|Win32
		{F269712E-21D7-461E-B109-42C3C64E8538}.Release|x64.ActiveCfg = Release|x64
		{F269712E-21D7-461E-B109-42C3C64E8538}.Release|x64.Build.0 = Release|x64
		{F269712E-21D7-461E-B109-42C3C64E8538}.Release|x86.ActiveCfg = Release|Win32
		{F269712E-21D7-461E-B109-42C3C64E8538}.Release|x86.Build.0 = Release|Win32
		{B9424879-8A75-4858-9394-AFA55C3F607E}.Debug|x64.ActiveCfg = Debug|x64
		{B9424879-8A75-4858-9394-AFA55C3F607E}.Debug|x64.Build.0 = Debug|x64
		{B9424879-8A75-4858-9394-AFA55C3F607E}.Debug|x86.ActiveCfg = Debug|Win32
		{B9424879-8A75-4858-9394-AFA55C3F607E}.Debug|x86.Build.0 = Debug|Win32
		{B9424879-8A75-4858-9394-AFA55C3F607E}.Release|x64.ActiveCfg = Release|x64
		{B9424879-8A75-4858-9394-AFA55C3F607E}.Release|x64.Build.0 = Release|x64
		{B9424879-8A75-4858-9394-AFA55C3F607E}.Release|x86.ActiveCfg = Release|Win32
		{B9424879-8A75-4858-9394-AFA55C3F607E}.Release|x86.Build.0 = Release|Win32
		{887E81E1-D8CA-46E9-B461-E6105F5A3F37}.Debug|x64.ActiveCfg = Debug|x64
		{887E81E1-D8CA-46E9-B461-E6105F5A3F37}.Debug|x64.Build.0 = Debug|x64
		{887E81E1-D8CA-46E9-B461-E6105F5A3F37}.Debug|x86.ActiveCfg = Debug|Win32
		{887E81E1-D8CA-46E9-B461-E6105F5A3F37}.Debug|x86.Build.0 = Debug|Win32
		{887E81E1-D8CA-46E9-B461-E6105F5A3F37}.Release|x64.ActiveCfg = Release|x64
		{887E81E1-D8CA-46E9-B461-E6105F5A3F37}.Release|x64.Build.0 = Release|x64
		{887E81E1-D8CA-46E9-B461-E6105F5A3F37}.Release|x86.ActiveCfg = Release|Win32
		{887E81E1-D8CA-46E9-B461-E6105F5A3F37}.Release|x86.Build.0 = Release|Win32
		{B2E6D006-3361-42CC-86F2-E4DEC732882E}.Debug|x64.ActiveCfg = Debug|x64
		{B2E6D006-3361-42CC-86F2-E4DEC732882E}.Debug|x64.Build.0 = Debug|x64
		{B2E6D006-3361-42CC-86F2-E4DEC732882E}.Debug|x86.ActiveCfg = Debug|Win32
		{B2E6D006-3361-42CC-86F2-E4DEC732882E}.Debug|x86.Build.0 = Debug|Win32
		{B2E6D006-3361-42CC-86F2-E4DEC732882E}.Release|x64.ActiveCfg = Release|x64
		{B2E6D006-3361-42CC-86F2-E4DEC732882E}.Release|x64.Build.0 = Release|x64
		{B2E6D006-3361-42CC-86F2-E4DEC732882E}.Release|x86.ActiveCfg = Release|Win32
		{B2E6D006-3361-42CC-86F2-E4DEC732882E}.Release|x86.Build.0 = Release|Win32
		{CBD7BF71-061A-403C-A1D7-EDC576282840}.Debug|x64.ActiveCfg = Debug|x64
		{CBD7BF71-061A-403C-A1D7-EDC576282840}.Debug|x64.Build.0 = Debug|x64
		{CBD7BF71-061A-403C-A1D7-EDC576282840}.Debug|x86.ActiveCfg = Debug|Win32
		{CBD7BF71-061A-403C-A1D7-EDC576282840}.Debug|x86.Build.0 = Debug|Win32
		{CBD7BF71-061A-403C-A1D7-EDC576282840}.Release|x64.ActiveCfg = Release|x64
		{CBD7BF71-061A-403C-A1D7-EDC576282840}.Release|x64.Build.0 = Release|x64
		{CBD7BF71-061A-403C-A1D7-EDC576282840}.Release|x86.ActiveCfg = Release|Win32
		{CBD7BF71-061A-403C-A1D7-EDC576282840}.Release|x86.Build.0 = Release|Win32
		{F0454E7E-C89B-47CD-A542-0503B388B287}.Debug|x64.ActiveCfg = Debug|x64
		{F0454E7E-C89B-47CD-A542-0503B388B287}.Debug|x64.Build.0 = Debug|x64
		{F0454E7E-C89B-47CD-A542-0503B388B287}.Debug|x86.ActiveCfg = Debug|Win32
		{F0454E7E-C89B-47CD-A542-0503B388B287}.Debug|x86.Build.0 = Debug|Win32
		{F0454E7E-C89B-47CD-A542-0503B388B287}.Release|x64.ActiveCfg = Release|x64
		{F0454E7E-C89B-47CD-A542-0503B388B287}.Release|x64.Build.0 = Release|x64
		{F0454E7E-C89B-47CD-A542-0503B388B287}.Release|x86.ActiveCfg = Release|Win32
		{F0454E7E-C89B-47CD-A542-0503B388B287}.Release|x86.Build.0 = Release|Win32
		{0FB40205-2CD7-4C5A-8405-C7ADC17B8CE7}.Debug|x64.ActiveCfg = Debug|x64
		{0FB40205-2CD7-4C5A-8405-C7ADC17B8CE7}.Debug|x64.Build.0 = Debug|x64
		{0FB40205-2CD7-4C5A-8405-C7ADC17B8CE7}.Debug|x86.ActiveCfg = Debug|Win32
		{0FB40205-2CD7-4C5A-8405-C7ADC17B8CE7}.Debug|x86.Build.0 = Debug|Win32
		{0FB40205-2CD7-4C5A-8405-C7ADC17B8CE7}.Release|x64.ActiveCfg = Release|x64
		{0FB40205-2CD7-4C5A-8405-C7ADC17B8CE7}.Release|x64.Build.0 = Release|x64
		{0FB40205-2CD7-4C5A-8405-C7ADC17B8CE7}.Release|x86.ActiveCfg = Release|Win32
		{0FB40205-2CD7-4C5A-8405-C7ADC17B8CE7}.Release|x86.Build.0 = Release|Win32
		{7BC4BCA0-7599-4DB7-8138-09D71548FF16}.Debug|x64.ActiveCfg = Debug|x64
		{7BC4BCA0-7599-4DB7-8138-09D71548FF16}.Debug|x64.Build.0 = Debug|x64
		{7BC4BCA0-7599-4DB7-8138-09D71548FF16}.Debug|x86.ActiveCfg = Debug|Win32
		{7BC4BCA0-7599-4DB7-8138-09D71548FF16}.Debug|x86.Build.0 = Debug|Win32
		{7BC4BCA0-7599-4DB7-8138-09D71548FF16}.Release|x64.ActiveCfg = Release|x64
		{7BC4BCA0-7599-4DB7-8138-09D71548FF16}.Release|x64.Build.0 = Release|x64
		{7BC4BCA0-7599-4DB7-8138-09D71548FF16}.Release|x86.ActiveCfg = Release|Win32
		{7BC4BCA0-7599-4DB7-8138-09D71548FF16}.Release|x86.Build.0 = Release|Win32
		{762AB458-BB8C-4A51-9D88-498DF1E94276}.Debug|x64.ActiveCfg = Debug|x64
		{762AB458-BB8C-4A51-9D88-498DF1E94276}.Debug|x64.Build.0 = Debug|x64
		{762AB458-BB8C-4A51-9D88-498DF1E94276}.Debug|x86.ActiveCfg = Debug|Win32
		{762AB458-BB8C-4A51-9D88-498DF1E94276}.Debug|x86.Build.0 = Debug|Win32
		{762AB458-BB8C-4A51-9D88-498DF1E94276}.Release|x64.ActiveCfg = Release|x64
		{762AB458-BB8C-4A51-9D88-498DF1E94276}.Release|x64.Build.0 = Release|x64
		{762AB458-BB8C-4A51-9D88-498DF1E94276}.Release|x86.ActiveCfg = Release|Win32
		{762AB458-BB8C-4A51-9D88-498DF1E94276}.Release|x86.Build.0 = Release|Win32
		{64867F17-2323-48CB-A655-75E41B9ECC83}.Debug|x64.ActiveCfg = Debug|x64
		{64867F17-2323-48CB-A655-75E41B9ECC83}.Debug|x64.Build.0 = Debug|x64
		{64867F17-2323-48CB-A655-75E41B9ECC83}.Debug|x86.ActiveCfg = Debug|Win32
		{64867F17-2323-48CB-A655-75E41B9ECC83}.Debug|x86.Build.0 = Debug|Win32
		{64867F17-2323-48CB-A655-75E41B9ECC83}.Release|x64.ActiveCfg = Release|x64
		{64867F17-2323-48CB-A655-75E41B9ECC83}.Release|x64.Build.0 = Release|x64
		{64867F17-2323-48CB-A655-75E41B9ECC83}.Release|x86.ActiveCfg = Release|Win32
		{64867F17-2323-48CB-A655-75E41B9ECC83}.Release|x86.Build.0 = Release|Win32
		{2B04458E-AEA7-4CBE-8476-A18D5B21FE50}.Debug|x64.ActiveCfg = Debug|x64
		{2B04458E-AEA7-4CBE-8476-A18D5B21FE50}.Debug|x64.Build.0 = Debug|x64
		{2B04458E-AEA7-4CBE-8476-A18D5B21FE50}.Debug|x86.ActiveCfg = Debug|Win32
		{2B04458E-AEA7-4CBE-8476-A18D5B21FE50}.Debug|x86.Build.0 = Debug|Win32
		{2B04458E-AEA7-4CBE-8476-A18D5B21FE50}.Release|x64.ActiveCfg = Release|x64
		{2B04458E-AEA7-4CBE-8476-A18D5B21FE50}.Release|x64.Build.0 = Release|x64
		{2B04458E-AEA7-4CBE-8476-A18D5B21FE50}.Release|x86.ActiveCfg = Release|Win32
		{2B04458E-AEA7-4CBE-8476-A18D5B21FE50}.Release|x86.Build.0 = Release|Win32
		{490B155A-6F18-43C0-A70E-429D4FA1A7F3}.Debug|x64.ActiveCfg = Debug|x64
		{490B155A-6F18-43C0-A70E-429D4FA1A7F3}.Debug|x64.Build.0 = Debug|x64
		{490B155A-6F18-43C0-A70E-429D4FA1A7F3}.Debug|x86.ActiveCfg = Debug|Win32
		{490B155A-6F18-43C0-A70E-429D4FA1A7F3}.Debug|x86.Build.0 = Debug|Win32
		{490B155A-6F18-43C0-A70E-429D4FA1A7F3}.Release|x64.ActiveCfg = Release|x64
		{490B155A-6F18-43C0-A70E-429D4FA1A7F3}.Release|x64.Build.0 = Release|x64
		{490B155A-6F18-43C0-A70E-429D4FA1A7F3}.Release|x86.ActiveCfg = Release|Win32
		{490B155A-6F18-43C0-A70E-429D4FA1A7F3}.Release|x86.Build.0 = Release|Win32
		{7B1113F8-C2F7-4D45-B403-9CC9EDCFA7DE}.Debug|x64.ActiveCfg = Debug|x64
		{7B1113F8-C2F7-4D45-B403-9CC9EDCFA7DE}.Debug|x64.Build.0 = Debug|x64
		{7B1113F8-C2F7-4D45-B403-9CC9EDCFA7DE}.Debug|x86.ActiveCfg = Debug|Win32
		{7B1113F8-C2F7-4D45-B403-9CC9EDCFA7DE}.Debug|x86.Build.0 = Debug|Win32
		{7B1113F8-C2F7-4D45-B403-9CC9EDCFA7DE}.Release|x64.ActiveCfg = Release|x64
		{7B1113F8-C2F7-4D45-B403-9CC9EDCFA7DE}.Release|x64.Build.0 = Release|x64
		{7B1113F8-C2F7-4D45-B403-9CC9EDCFA7DE}.Release|x86.ActiveCfg = Release|Win32
		{7B1113F8-C2F7-4D45-B403-9CC9EDCFA7DE}.Release|x86.Build.0 = Release|Win32
		{9C88D9ED-2219-4C5D-A140-B22E0BE18250}.Debug|x64.ActiveCfg = Debug|x64
		{9C88D9ED-2219-4C5D-A140-B22E0BE18250}.Debug|x64.Build.0 = Debug|x64
		{9C88D9ED-2219-4C5D-A140-B22E0BE18250}.Debug|x86.ActiveCfg = Debug|Win32
		{9C88D9ED-2219-4C5D-A140-B22E0BE18250}.Debug|x86.Build.0 = Debug|Win32
		{9C88D9ED-2219-4C5D-A140-B22E0BE18250}.Release|x64.ActiveCfg = Release|x64
		{9C88D9ED-2219-4C5D-A140-B22E0BE18250}.Release|x64.Build.0 = Release|x64
		{9C88D9ED-2219-4C5D-A140-B22E0BE18250}.Release|x86.ActiveCfg = Release|Win32
		{9C88D9ED-2219-4C5D-A140-B22E0BE18250}.Release|x86.Build.0 = Release|Win32
		{D89F3040-0AA3-4B9F-826C-BF8EB6FC92D9}.Debug|x64.ActiveCfg = Debug|x64
		{D89F3040-0AA3-4B9F-826C-BF8EB6FC92D9}.Debug|x64.Build.0 = Debug|x64
		{D89F3040-0AA3-4B9F-826C-BF8EB6FC92D9}.Debug|x86.ActiveCfg = Debug|Win32
		{D89F3040-0AA3-4B9F-826C-BF8EB6FC92D9}.Debug|x86.Build.0 = Debug|Win32
		{D89F3040-0AA3-4B9F-826C-BF8EB6FC92D9}.Release|x64.ActiveCfg = Release|x64
		{D89F3040-0AA3-4B9F-826C-BF8EB6FC92D9}.Release|x64.Build.0 = Release|x64
		{D89F3040-0AA3-4B9F-826C-BF8EB6FC92D9}.Release|x86.ActiveCfg = Release|Win32
		{D89F3040-0AA3-4B9F-826C-BF8EB6FC92D9}.Release|x86.Build.0 = Release|Win32
		{C4541D45-60B1-4580-A6C9-3F8E1893A72E}.Debug|x64.ActiveCfg = Debug|x64
		{C4541D45-60B1-4580-A6C9-3F8E1893A72E}.Debug|x64.Build.0 = Debug|x64
		{C4541D45-60B1-4580-A6C9-3F8E1893A72E}.Debug|x86.ActiveCfg = Debug|Win32
		{C4541D45-60B1-4580-A6C9-3F8E1893A72E}.Debug|x86.Build.0 = Debug|Win32
		{C4541D45-60B1-4580-A6C9-3F8E1893A72E}.Release|x64.ActiveCfg = Release|x64
		{C4541D45-60B1-4580-A6C9-3F8E1893A72E}.Release|x64.Build.0 = Release|x64
		{C4541D45-60B1-4580-A6C9-3F8E1893A72E}.Release|x86.ActiveCfg = Release|Win32
		{C4541D45-60B1-4580-A6C9-3F8E1893A72E}.Release|x86.Build.0 = Release|Win32
		{3AC48840-F580-424E-A994-1B8620635B75}.Debug|x64.ActiveCfg = Debug|x64
		{3AC48840-F580-424E-A994-1B8620635B75}.Debug|x64.Build.0 = Debug|x64
		{3AC48840-F580-424E-A994-1B8620635B75}.Debug|x86.ActiveCfg = Debug|Win32
		{3AC48840-F580-424E-A994-1B8620635B75}.Debug|x86.Build.0 = Debug|Win32
		{3AC48840-F580-424E-A994-1B8620635B75}.Release|x64.ActiveCfg = Release|x64
		{3AC48840-F580-424E-A994-1B8620635B75}.Release|x64.Build.0 = Release|x64
		{3AC48840-F580-424E-A994-1B8620635B75}.Release|x86.ActiveCfg = Release|Win32
		{3AC48840-F580-424E-A994-1B8620635B75}.Release|x86.Build.0 = Release|Win32
		{686C2A02-1E6C-4947-A7F7-4F0082DCC77A}.Debug|x64.ActiveCfg = Debug|x64
		{686C2A02-1E6C-4947-A7F7-4F0082DCC77A}.Debug|x64.Build.0 = Debug|x64
		{686C2A02-1E6C-4947-A7F7-4F0082DCC77A}.Debug|x86.ActiveCfg = Debug|Win32
		{686C2A02-1E6C-4947-A7F7-4F0082DCC77A}.Debug|x86.Build.0 = Debug|Win32
		{686C2A02-1E6C-4947-A7F7-4F0082DCC77A}.Release|x64.ActiveCfg = Release|x64
		{686C2A02-1E6C-4947-A7F7-4F0082DCC77A}.Release|x64.Build.0 = Release|x64
		{686C2A02-1E6C-4947-A7F7-4F0082DCC77A}.Release|x86.ActiveCfg = Release|Win32
		{686C2A02-1E6C-4947-A7F7-4F0082DCC77A}.Release|x86.Build.0 = Release|Win32
		{BDEFA0DA-7694-4A43-A24D-0CE33262BE34}.Debug|x64.ActiveCfg = Debug|x64
		{BDEFA0DA-7694-4A43-A24D-0CE33262BE34}.Debug|x64.Build.0 = Debug|x64
		{BDEFA0DA-7694-4A43-A24D-0CE33262BE34}.Debug|x86.ActiveCfg = Debug|Win32
		{BDEFA0DA-7694-4A43-A24D-0CE33262BE34}.Debug|x86.Build.0 = Debug|Win32
		{BDEFA0DA-7694-4A43-A24D-0CE33262BE34}.Release|x64.ActiveCfg = Release|x64
		{BDEFA0DA-7694-4A43-A24D-0CE33262BE34}.Release|x64.Build.0 = Release|x64
		{BDEFA0DA-7694-4A43-A24D-0CE33262BE34}.Release|x86.ActiveCfg = Release|Win32
		{BDEFA0DA-7694-4A43-A24D-0CE33262BE34}.Release|x86.Build.0 = Release|Win32
		{3CAC70BD-2287-400E-89D7-24B526D84C27}.Debug|x64.ActiveCfg = Debug|x64
		{3CAC70BD-2287-400E-89D7-24B526D84C27}.Debug|x64.Build.0 = Debug|x64
		{3CAC70BD-2287-400E-89D7-24B526D84C27}.Debug|x86.ActiveCfg = Debug|Win32
		{3CAC70BD-2287-400E-89D7-24B526D84C27}.Debug|x86.Build.0 = Debug|Win32
		{3CAC70BD-2287-400E-89D7-24B526D84C27}.Release|x64.ActiveCfg = Release|x64
		{3CAC70BD-2287-400E-89D7-24B526D84C27}.Release|x64.Build.0 = Release|x64
		{3CAC70BD-2287-400E-89D7-24B526D84C27}.Release|x86.ActiveCfg = Release|Win32
		{3CAC70BD-2287-400E-89D7-24B526D84C27}.Release|x86.Build.0 = Release|Win32
		{FB7B90A6-D94D-4940-9D85-A84AC8BDA956}.Debug|x64.ActiveCfg = Debug|x64
		{FB7B90A6-D94D-4940-9D85-A84AC8BDA956}.Debug|x64.Build.0 = Debug|x64
		{FB7B90A6-D94D-4940-9D85-A84AC8BDA956}.Debug|x86.ActiveCfg = Debug|Win32
		{FB7B90A6-D94D-4940-9D85-A84AC8BDA956}.Debug|x86.Build.0 = Debug|Win32
		{FB7B90A6-D94D-4940-9D85-A84AC8BDA956}.Release|x64.ActiveCfg = Release|x64
		{FB7B90A6-D94D-4940-9D85-A84AC8BDA956}.Release|x64.Build.0 = Release|x64
		{FB7B90A6-D94D-4940-9D85-A84AC8BDA956}.Release|x86.ActiveCfg = Release|Win32
		{FB7B90A6-D94D-4940-9D85-A84AC8BDA956}.Release|x86.Build.0 = Release|Win32
		{4688782E-042F-4F23-A31A-62DF729CD241}.Debug|x64.ActiveCfg = Debug|x64
		{4688782E-042F-4F23-A31A-62DF729CD241}.Debug|x64.Build.0 = Debug|x64
		{4688782E-042F-4F23-A31A-62DF729CD241}.Debug|x86.ActiveCfg = Debug|Win32
		{4688782E-042F-4F23-A31A-62DF729CD241}.Debug|x86.Build.0 = Debug|Win32
		{4688782E-042F-4F23-A31A-62DF729CD241}.Release|x64.ActiveCfg = Release|x64
		{4688782E-042F-4F23-A31A-62DF729CD241}.Release|x64.Build.0 = Release|x64
		{4688782E-042F-4F23-A31A-62DF729CD241}.Release|x86.ActiveCfg = Release|Win32
		{4688782E-042F-4F23-A31A-62DF729CD241}.Release|x86.Build.0 = Release|Win32
		{FB6AF043-59E1-4D99-9D63-34009557F1FC}.Debug|x64.ActiveCfg = Debug|x64
		{FB6AF043-59E1-4D99-9D63-34009557F1FC}.Debug|x64.Build.0 = Debug|x64
		{FB6AF043-59E1-4D99-9D63-34009557F1FC}.Debug|x86.ActiveCfg = Debug|Win32
		{FB6AF043-59E1-4D99-9D63-34009557F1FC}.Debug|x86.Build.0 = Debug|Win32
		{FB6AF043-59E1-4D99-9D63-34009557F1FC}.Release|x64.ActiveCfg = Release|x64
		{FB6AF043-59E1-4D99-9D63-34009557F1FC}.Release|x64.Build.0 = Release|x64
		{FB6AF043-59E1-4D99-9D63-34009557F1FC}.Release|x86.ActiveCfg = Release|Win32
		{FB6AF043-59E1-4D99-9D63-34009557F1FC}.Release|x86.Build.0 = Release|Win32
		{8D1AE62B-19C3-43A5-81AB-465F76B48681}.Debug|x64.ActiveCfg = Debug|x64
		{8D1AE62B-19C3-43A5-81AB-465F76B48681}.Debug|x64.Build.0 = Debug|x64
		{8D1AE62B-19C3-43A5-81AB-465F76B48681}.Debug|x86.ActiveCfg = Debug|Win32
		{8D1AE62B-19C3-43A5-81AB-465F76B48681}.Debug|x86.Build.0 = Debug|Win32
		{8D1AE62B-19C3-43A5-81AB-465F76B48681}.Release|x64.ActiveCfg = Release|x64
		{8D1AE62B-19C3-43A5-81AB-465F76B48681}.Release|x64.Build.0 = Release|x64
		{8D1AE62B-19C3-43A5-81AB-465F76B48681}.Release|x86.ActiveCfg = Release|Win32
		{8D1AE62B-19C3-43A5-81AB-465F76B48681}.Release|x86.Build.0 = Release|Win32
		{8626FE05-A300-40B8-B42E-A40D5FA3C813}.Debug|x64.ActiveCfg = Debug|x64
		{8626FE05-A300-40B8-B42E-A40D5FA3C813}.Debug|x64.Build.0 = Debug|x64
		{8626FE05-A300-40B8-B42E-A40D5FA3C813}.Debug|x86.ActiveCfg = Debug|Win32
		{8626FE05-A300-40B8-B42E-A40D5FA3C813}.Debug|x86.Build.0 = Debug|Win32
		{8626FE05-A300-40B8-B42E-A40D5FA3C813}.Release|x64.ActiveCfg = Release|x64
		{8626FE05-A300-40B8-B42E-A40D5FA3C813}.Release|x64.Build.0 = Release|x64
		{8626FE05-A300-40B8-B42E-A40D5FA3C813}.Release|x86.ActiveCfg = Release|Win32
		{8626FE05-A300-40B8-B42E-A40D5FA3C813}.Release|x86.Build.0 = Release|Win32
		{9BF8ADC8-ABE3-485D-BEA4-AD3C4757AFA8}.Debug|x64.ActiveCfg = Debug|x64
		{9BF8ADC8-ABE3-485D-BEA4-AD3C4757AFA8}.Debug|x64.Build.0 = Debug|x64
		{9BF8ADC8-ABE3-485D-BEA4-AD3C4757AFA8}.Debug|x86.ActiveCfg = Debug|Win32
		{9BF8ADC8-ABE3-485D-BEA4-AD3C4757AFA8}.Debug|x86.Build.0 = Debug|Win32
		{9BF8ADC8-ABE3-485D-BEA4-AD3C4757AFA8}.Release|x64.ActiveCfg = Release|x64
		{9BF8ADC8-ABE3-485D-BEA4-AD3C4757AFA8}.Release|x64.Build.0 = Release|x64
		{9BF8ADC8-ABE3-485D-BEA4-AD3C4757AFA8}.Release|x86.ActiveCfg = Release|Win32
		{9BF8ADC8-ABE3-485D-BEA4-AD3C4757AFA8}.Release|x86.Build.0 = Release|Win32
		{2DA7E3FA-73DE-4340-9B18-C93112F5C4E4}.Debug|x64.ActiveCfg = Debug|x64
		{2DA7E3FA-73DE-4340-9B18-C93112F5C4E4}.Debug|x64.Build.0 = Debug|x64
		{2DA7E3FA-73DE-4340-9B18-C93112F5C4E4}.Debug|x86.ActiveCfg = Debug|Win32
		{2DA7E3FA-73DE-4340-9B18-C93112F5C4E4}.Debug|x86.Build.0 = Debug|Win32
		{2DA7E3FA-73DE-4340-9B18-C93112F5C4E4}.Release|x64.ActiveCfg = Release|x64
		{2DA7E3FA-73DE-4340-9B18-C93112F5C4E4}.Release|x64.Build.0 = Release|x64
		{2DA7E3FA-73DE-4340-9B18-C93112F5C4E4}.Release|x86.ActiveCfg = Release|Win32
		{2DA7E3FA-73DE-4340-9B18-C93112F5C4E4}.Release|x86.Build.0 = Release|Win32
		{9D68BBF9-F655-4BA9-83F6-BDAA95D98957}.Debug|x64.ActiveCfg = Debug|x64
		{9D68BBF9-F655-4BA9-83F6-BDAA95D98957}.Debug|x64.Build.0 = Debug|x64
		{9D68BBF9-F655-4BA9-83F6-BDAA95D98957}.Debug|x86.ActiveCfg = Debug|Win32
		{9D68BBF9-F655-4BA9-83F6-BDAA95D98957}.Debug|x86.Build.0 = Debug|Win32
		{9D68BBF9-F655-4BA9-83F6-BDAA95D98957}.Release|x64.ActiveCfg = Release|x64
		{9D68BBF9-F655-4BA9-83F6-BDAA95D98957}.Release|x64.Build.0 = Release|x64
		{9D68BBF9-F655-4BA9-83F6-BDAA95D98957}.Release|x86.ActiveCfg = Release|Win32
		{9D68BBF9-F655-4BA9-83F6-BDAA95D98957}.Release|x86.Build.0 = Release|Win32
		{A3868CD9-8EEB-47A9-AC65-B17A1832C218}.Debug|x64.ActiveCfg = Debug|x64
		{A3868CD9-8EEB-47A9-AC65-B17A1832C218}.Debug|x64.Build.0 = Debug|x64
		{A3868CD9-8EEB-47A9-AC65-B17A1832C218}.Debug|x86.ActiveCfg = Debug|Win32
		{A3868CD9-8EEB-47A9-AC65-B17A1832C218}.Debug|x86.Build.0 = Debug|Win32
		{A3868CD9-8EEB-47A9-AC65-B17A1832C218}.Release|x64.ActiveCfg = Release|x64
		{A3868CD9-8EEB-47A9-AC65-B17A1832C218}.Release|x64.Build.0 = Release|x64
		{A3868CD9-8EEB-47A9-AC65-B17A1832C218}.Release|x86.ActiveCfg = Release|Win32
		{A3868CD9-8EEB-47A9-AC65-B17A1832C218}.Release|x86.Build.0 = Release|Win32
	EndGlobalSection
	GlobalSection(SolutionProperties) = preSolution
		HideSolutionNode = FALSE
	EndGlobalSection
	GlobalSection(NestedProjects) = preSolution
		{D6BEEDE0-B119-4893-8EF1-C57456314420} = {96D8ABAB-8465-4ED0-97C3-AEDB4A682F1C}
		{AEB6C389-A688-443D-9333-AD10B54AC418} = {96D8ABAB-8465-4ED0-97C3-AEDB4A682F1C}
		{3C7571B8-D40F-4BED-864B-DA5F0BC8F0CD} = {96D8ABAB-8465-4ED0-97C3-AEDB4A682F1C}
		{8AD0562F-F251-49F9-B0F2-CD9150492F6F} = {96D8ABAB-8465-4ED0-97C3-AEDB4A682F1C}
		{CA8F2E2D-B94F-4090-AADB-CCAF1584BE7A} = {96D8ABAB-8465-4ED0-97C3-AEDB4A682F1C}
		{F269712E-21D7-461E-B109-42C3C64E8538} = {96D8ABAB-8465-4ED0-97C3-AEDB4A682F1C}
		{B9424879-8A75-4858-9394-AFA55C3F607E} = {96D8ABAB-8465-4ED0-97C3-AEDB4A682F1C}
		{887E81E1-D8CA-46E9-B461-E6105F5A3F37} = {A14B99B2-E1F8-4DF9-B31A-1F3D2D2EFC47}
		{B2E6D006-3361-42CC-86F2-E4DEC732882E} = {A14B99B2-E1F8-4DF9-B31A-1F3D2D2EFC47}
		{CBD7BF71-061A-403C-A1D7-EDC576282840} = {A14B99B2-E1F8-4DF9-B31A-1F3D2D2EFC47}
		{F0454E7E-C89B-47CD-A542-0503B388B287} = {A14B99B2-E1F8-4DF9-B31A-1F3D2D2EFC47}
		{0FB40205-2CD7-4C5A-8405-C7ADC17B8CE7} = {A14B99B2-E1F8-4DF9-B31A-1F3D2D2EFC47}
		{7BC4BCA0-7599-4DB7-8138-09D71548FF16} = {A14B99B2-E1F8-4DF9-B31A-1F3D2D2EFC47}
		{762AB458-BB8C-4A51-9D88-498DF1E94276} = {FBF1E88B-631E-46C2-822D-0288BD8971BE}
		{64867F17-2323-48CB-A655-75E41B9ECC83} = {FBF1E88B-631E-46C2-822D-0288BD8971BE}
		{2B04458E-AEA7-4CBE-8476-A18D5B21FE50} = {FBF1E88B-631E-46C2-822D-0288BD8971BE}
		{490B155A-6F18-43C0-A70E-429D4FA1A7F3} = {3EEABEC3-EC4E-4E9F-A4CE-754B39D0299C}
		{7B1113F8-C2F7-4D45-B403-9CC9EDCFA7DE} = {3EEABEC3-EC4E-4E9F-A4CE-754B39D0299C}
		{9C88D9ED-2219-4C5D-A140-B22E0BE18250} = {3EEABEC3-EC4E-4E9F-A4CE-754B39D0299C}
		{D89F3040-0AA3-4B9F-826C-BF8EB6FC92D9} = {3EEABEC3-EC4E-4E9F-A4CE-754B39D0299C}
		{C4541D45-60B1-4580-A6C9-3F8E1893A72E} = {3EEABEC3-EC4E-4E9F-A4CE-754B39D0299C}
		{3AC48840-F580-424E-A994-1B8620635B75} = {3EEABEC3-EC4E-4E9F-A4CE-754B39D0299C}
		{686C2A02-1E6C-4947-A7F7-4F0082DCC77A} = {3EEABEC3-EC4E-4E9F-A4CE-754B39D0299C}
		{BDEFA0DA-7694-4A43-A24D-0CE33262BE34} = {3EEABEC3-EC4E-4E9F-A4CE-754B39D0299C}
		{3CAC70BD-2287-400E-89D7-24B526D84C27} = {3EEABEC3-EC4E-4E9F-A4CE-754B39D0299C}
		{FB7B90A6-D94D-4940-9D85-A84AC8BDA956} = {3EEABEC3-EC4E-4E9F-A4CE-754B39D0299C}
		{4688782E-042F-4F23-A31A-62DF729CD241} = {3EEABEC3-EC4E-4E9F-A4CE-754B39D0299C}
		{FB6AF043-59E1-4D99-9D63-34009557F1FC} = {E2D7F090-17CD-45B5-97ED-D67B14445D65}
		{8D1AE62B-19C3-43A5-81AB-465F76B48681} = {E2D7F090-17CD-45B5-97ED-D67B14445D65}
		{E9694471-79D1-4D8C-A022-373E3A72DFC5} = {E2D7F090-17CD-45B5-97ED-D67B14445D65}
		{8626FE05-A300-40B8-B42E-A40D5FA3C813} = {E9694471-79D1-4D8C-A022-373E3A72DFC5}
		{9BF8ADC8-ABE3-485D-BEA4-AD3C4757AFA8} = {E9694471-79D1-4D8C-A022-373E3A72DFC5}
		{2DA7E3FA-73DE-4340-9B18-C93112F5C4E4} = {E2D7F090-17CD-45B5-97ED-D67B14445D65}
		{9D68BBF9-F655-4BA9-83F6-BDAA95D98957} = {E2D7F090-17CD-45B5-97ED-D67B14445D65}
		{A3868CD9-8EEB-47A9-AC65-B17A1832C218} = {E2D7F090-17CD-45B5-97ED-D67B14445D65}
	EndGlobalSection
	GlobalSection(ExtensibilityGlobals) = postSolution
		SolutionGuid = {A4F5A16C-1F0B-474D-BE6A-7BAFC241CEA9}
	EndGlobalSection
EndGlobal
